lockfileVersion: '9.0'

settings:
  autoInstallPeers: true
  excludeLinksFromLockfile: false

catalogs:
  default:
    '@types/mocha':
      specifier: 10.0.10
      version: 10.0.10
    '@types/node':
      specifier: 22.18.0
      version: 22.18.0
    '@types/vscode':
      specifier: 1.107.0
      version: 1.107.0

importers:

  .:
    devDependencies:
      '@typescript/native-preview':
        specifier: 7.0.0-dev.20260115.1
        version: 7.0.0-dev.20260115.1
      oxfmt:
        specifier: ^0.24.0
        version: 0.24.0
      oxlint:
        specifier: ^1.39.0
        version: 1.39.0(oxlint-tsgolint@0.11.1)
      oxlint-tsgolint:
        specifier: ^0.11.1
        version: 0.11.1

  packages/vscode-extension:
    devDependencies:
      '@types/mocha':
        specifier: 'catalog:'
        version: 10.0.10
      '@types/node':
        specifier: 'catalog:'
        version: 22.18.0
      '@types/uuid':
        specifier: ^9.0.5
        version: 9.0.8
      '@types/vscode':
        specifier: 'catalog:'
        version: 1.107.0
      uuid:
        specifier: ^9.0.1
        version: 9.0.1

packages:

  '@oxfmt/darwin-arm64@0.24.0':
    resolution: {integrity: sha512-aYXuGf/yq8nsyEcHindGhiz9I+GEqLkVq8CfPbd+6VE259CpPEH+CaGHEO1j6vIOmNr8KHRq+IAjeRO2uJpb8A==}
    cpu: [arm64]
    os: [darwin]

  '@oxfmt/darwin-x64@0.24.0':
    resolution: {integrity: sha512-vs3b8Bs53hbiNvcNeBilzE/+IhDTWKjSBB3v/ztr664nZk65j0xr+5IHMBNz3CFppmX7o/aBta2PxY+t+4KoPg==}
    cpu: [x64]
    os: [darwin]

  '@oxfmt/linux-arm64-gnu@0.24.0':
    resolution: {integrity: sha512-ItPDOPoQ0wLj/s8osc5ch57uUcA1Wk8r0YdO8vLRpXA3UNg7KPOm1vdbkIZRRiSUphZcuX5ioOEetEK8H7RlTw==}
    cpu: [arm64]
    os: [linux]

  '@oxfmt/linux-arm64-musl@0.24.0':
    resolution: {integrity: sha512-JkQO3WnQjQTJONx8nxdgVBfl6BBFfpp9bKhChYhWeakwJdr7QPOAWJ/v3FGZfr0TbqINwnNR74aVZayDDRyXEA==}
    cpu: [arm64]
    os: [linux]

  '@oxfmt/linux-x64-gnu@0.24.0':
    resolution: {integrity: sha512-N/SXlFO+2kak5gMt0oxApi0WXQDhwA0PShR0UbkY0PwtHjfSiDqJSOumyNqgQVoroKr1GNnoRmUqjZIz6DKIcw==}
    cpu: [x64]
    os: [linux]

  '@oxfmt/linux-x64-musl@0.24.0':
    resolution: {integrity: sha512-WM0pek5YDCQf50XQ7GLCE9sMBCMPW/NPAEPH/Hx6Qyir37lEsP4rUmSECo/QFNTU6KBc9NnsviAyJruWPpCMXw==}
    cpu: [x64]
    os: [linux]

  '@oxfmt/win32-arm64@0.24.0':
    resolution: {integrity: sha512-vFCseli1KWtwdHrVlT/jWfZ8jP8oYpnPPEjI23mPLW8K/6GEJmmvy0PZP5NpWUFNTzX0lqie58XnrATJYAe9Xw==}
    cpu: [arm64]
    os: [win32]

  '@oxfmt/win32-x64@0.24.0':
    resolution: {integrity: sha512-0tmlNzcyewAnauNeBCq0xmAkmiKzl+H09p0IdHy+QKrTQdtixtf+AOjDAADbRfihkS+heF15Pjc4IyJMdAAJjw==}
    cpu: [x64]
    os: [win32]

  '@oxlint-tsgolint/darwin-arm64@0.11.1':
    resolution: {integrity: sha512-UJIOFeJZpFTJIGS+bMdFXcvjslvnXBEouMvzynfQD7RTazcFIRLbokYgEbhrN2P6B352Ut1TUtvR0CLAp/9QfA==}
    cpu: [arm64]
    os: [darwin]

  '@oxlint-tsgolint/darwin-x64@0.11.1':
    resolution: {integrity: sha512-68O8YvexIm+ISZKl2vBFII1dMfLrteDyPcuCIecDuiBIj2tV0KYq13zpSCMz4dvJUWJW6RmOOGZKrkkvOAy6uQ==}
    cpu: [x64]
    os: [darwin]

  '@oxlint-tsgolint/linux-arm64@0.11.1':
    resolution: {integrity: sha512-hXBInrFxPNbPPbPQYozo8YpSsFFYdtHBWRUiLMxul71vTy1CdSA7H5Qq2KbrKomr/ASmhvIDVAQZxh9hIJNHMA==}
    cpu: [arm64]
    os: [linux]

  '@oxlint-tsgolint/linux-x64@0.11.1':
    resolution: {integrity: sha512-aMaGctlwrJhaIQPOdVJR+AGHZGPm4D1pJ457l0SqZt4dLXAhuUt2ene6cUUGF+864R7bDyFVGZqbZHODYpENyA==}
    cpu: [x64]
    os: [linux]

  '@oxlint-tsgolint/win32-arm64@0.11.1':
    resolution: {integrity: sha512-ipOs6kKo8fz5n5LSHvcbyZFmEpEIsh2m7+B03RW3jGjBEPMiXb4PfKNuxnusFYTtJM9WaR3bCVm5UxeJTA8r3w==}
    cpu: [arm64]
    os: [win32]

  '@oxlint-tsgolint/win32-x64@0.11.1':
    resolution: {integrity: sha512-m2apsAXg6qU3ulQG45W/qshyEpOjoL+uaQyXJG5dBoDoa66XPtCaSkBlKltD0EwGu0aoB8lM4I5I3OzQ6raNhw==}
    cpu: [x64]
    os: [win32]

  '@oxlint/darwin-arm64@1.39.0':
    resolution: {integrity: sha512-lT3hNhIa02xCujI6YGgjmYGg3Ht/X9ag5ipUVETaMpx5Rd4BbTNWUPif1WN1YZHxt3KLCIqaAe7zVhatv83HOQ==}
    cpu: [arm64]
    os: [darwin]

  '@oxlint/darwin-x64@1.39.0':
    resolution: {integrity: sha512-UT+rfTWd+Yr7iJeSLd/7nF8X4gTYssKh+n77hxl6Oilp3NnG1CKRHxZDy3o3lIBnwgzJkdyUAiYWO1bTMXQ1lA==}
    cpu: [x64]
    os: [darwin]

  '@oxlint/linux-arm64-gnu@1.39.0':
    resolution: {integrity: sha512-qocBkvS2V6rH0t9AT3DfQunMnj3xkM7srs5/Ycj2j5ZqMoaWd/FxHNVJDFP++35roKSvsRJoS0mtA8/77jqm6Q==}
    cpu: [arm64]
    os: [linux]

  '@oxlint/linux-arm64-musl@1.39.0':
    resolution: {integrity: sha512-arZzAc1PPcz9epvGBBCMHICeyQloKtHX3eoOe62B3Dskn7gf6Q14wnDHr1r9Vp4vtcBATNq6HlKV14smdlC/qA==}
    cpu: [arm64]
    os: [linux]

  '@oxlint/linux-x64-gnu@1.39.0':
    resolution: {integrity: sha512-ZVt5qsECpuNprdWxAPpDBwoixr1VTcZ4qAEQA2l/wmFyVPDYFD3oBY/SWACNnWBddMrswjTg9O8ALxYWoEpmXw==}
    cpu: [x64]
    os: [linux]

  '@oxlint/linux-x64-musl@1.39.0':
    resolution: {integrity: sha512-pB0hlGyKPbxr9NMIV783lD6cWL3MpaqnZRM9MWni4yBdHPTKyFNYdg5hGD0Bwg+UP4S2rOevq/+OO9x9Bi7E6g==}
    cpu: [x64]
    os: [linux]

  '@oxlint/win32-arm64@1.39.0':
    resolution: {integrity: sha512-Gg2SFaJohI9+tIQVKXlPw3FsPQFi/eCSWiCgwPtPn5uzQxHRTeQEZKuluz1fuzR5U70TXubb2liZi4Dgl8LJQA==}
    cpu: [arm64]
    os: [win32]

  '@oxlint/win32-x64@1.39.0':
    resolution: {integrity: sha512-sbi25lfj74hH+6qQtb7s1wEvd1j8OQbTaH8v3xTcDjrwm579Cyh0HBv1YSZ2+gsnVwfVDiCTL1D0JsNqYXszVA==}
    cpu: [x64]
    os: [win32]

  '@types/mocha@10.0.10':
    resolution: {integrity: sha512-xPyYSz1cMPnJQhl0CLMH68j3gprKZaTjG3s5Vi+fDgx+uhG9NOXwbVt52eFS8ECyXhyKcjDLCBEqBExKuiZb7Q==}

  '@types/node@22.18.0':
    resolution: {integrity: sha512-m5ObIqwsUp6BZzyiy4RdZpzWGub9bqLJMvZDD0QMXhxjqMHMENlj+SqF5QxoUwaQNFe+8kz8XM8ZQhqkQPTgMQ==}

  '@types/uuid@9.0.8':
    resolution: {integrity: sha512-jg+97EGIcY9AGHJJRaaPVgetKDsrTgbRjQ5Msgjh/DQKEFl0DtyRr/VCOyD1T2R1MNeWPK/u7JoGhlDZnKBAfA==}

  '@types/vscode@1.107.0':
    resolution: {integrity: sha512-XS8YE1jlyTIowP64+HoN30OlC1H9xqSlq1eoLZUgFEC8oUTO6euYZxti1xRiLSfZocs4qytTzR6xCBYtioQTCg==}

  '@typescript/native-preview-darwin-arm64@7.0.0-dev.20260115.1':
    resolution: {integrity: sha512-ICAIUBa9ecoHrKTIG9WgHBUMOpdGxwYarRW0x4PRHs34cKWz1VYy50Y+NG2Ivai2WC/T12QSWom0UBZDL1/Zkw==}
    cpu: [arm64]
    os: [darwin]

  '@typescript/native-preview-darwin-x64@7.0.0-dev.20260115.1':
    resolution: {integrity: sha512-UtnRE4OPmlxAYE42HBtcqQH/TsDZcs/7ej6K11mCD9uzCLgxxAZveI+bW43VIyPLP9dZFmX/3Pvvv8arBBwGfw==}
    cpu: [x64]
    os: [darwin]

  '@typescript/native-preview-linux-arm64@7.0.0-dev.20260115.1':
    resolution: {integrity: sha512-sAU6b0Tlz3QahPpuNA0HOibGKruHvbFCANuuns6aR4OYd+zNi+diBBvCTyLWu0Do3ABjpCphrj4hCvs2rWfoQQ==}
    cpu: [arm64]
    os: [linux]

  '@typescript/native-preview-linux-arm@7.0.0-dev.20260115.1':
    resolution: {integrity: sha512-/divCKJhdfq1s7UG3EO2NYHHJl1EqcEIylD/pl/GbAMeKRomaKGTwwgshxv9/PoTp4AVHEKrziPDdN6sIOnFQQ==}
    cpu: [arm]
    os: [linux]

  '@typescript/native-preview-linux-x64@7.0.0-dev.20260115.1':
    resolution: {integrity: sha512-KcjKJoUtqFh0VD2zGJJZ2PM+GLlK11bZFJvvdoJj/D9nf9WSRE4jWLGE+50gyy9boeaKVlZuRnTfxP6Rt3nnrw==}
    cpu: [x64]
    os: [linux]

  '@typescript/native-preview-win32-arm64@7.0.0-dev.20260115.1':
    resolution: {integrity: sha512-0TolySdSZ8w1adKNl4eEGht4lyAMJRTwwdsntbdcZ2sjDWVc4ikyu+GlYTYtkJM2M0w1Q7+iFMpWm6+M6hPHzg==}
    cpu: [arm64]
    os: [win32]

  '@typescript/native-preview-win32-x64@7.0.0-dev.20260115.1':
    resolution: {integrity: sha512-yhntwcToKN6aL4rcuslb60toB1SLArpzCwNmK9jnnwJ4JexViOldBu1caZxFhVXL5eQrUCvxfipGEU30MQxhtw==}
    cpu: [x64]
    os: [win32]

  '@typescript/native-preview@7.0.0-dev.20260115.1':
    resolution: {integrity: sha512-wCW5A5Olb/Iyzr6azx1lrS42DEmkUvzLqrtL+0mzKDov4l3sdxKsO5q/m8Mdqcx9WBTY07e+WgHZ6IIfjSOWrQ==}
    hasBin: true

  oxfmt@0.24.0:
    resolution: {integrity: sha512-UjeM3Peez8Tl7IJ9s5UwAoZSiDRMww7BEc21gDYxLq3S3/KqJnM3mjNxsoSHgmBvSeX6RBhoVc2MfC/+96RdSw==}
    engines: {node: ^20.19.0 || >=22.12.0}
    hasBin: true

  oxlint-tsgolint@0.11.1:
    resolution: {integrity: sha512-WulCp+0/6RvpM4zPv+dAXybf03QvRA8ATxaBlmj4XMIQqTs5jeq3cUTk48WCt4CpLwKhyyGZPHmjLl1KHQ/cvA==}
    hasBin: true

  oxlint@1.39.0:
    resolution: {integrity: sha512-wSiLr0wjG+KTU6c1LpVoQk7JZ7l8HCKlAkVDVTJKWmCGazsNxexxnOXl7dsar92mQcRnzko5g077ggP3RINSjA==}
    engines: {node: ^20.19.0 || >=22.12.0}
    hasBin: true
    peerDependencies:
      oxlint-tsgolint: '>=0.10.0'
    peerDependenciesMeta:
      oxlint-tsgolint:
        optional: true

  tinypool@2.0.0:
    resolution: {integrity: sha512-/RX9RzeH2xU5ADE7n2Ykvmi9ED3FBGPAjw9u3zucrNNaEBIO0HPSYgL0NT7+3p147ojeSdaVu08F6hjpv31HJg==}
    engines: {node: ^20.0.0 || >=22.0.0}

  undici-types@6.21.0:
    resolution: {integrity: sha512-iwDZqg0QAGrg9Rav5H4n0M64c3mkR59cJ6wQp+7C4nI0gsmExaedaYLNO44eT4AtBBwjbTiGPMlt2Md0T9H9JQ==}

  uuid@9.0.1:
    resolution: {integrity: sha512-b+1eJOlsR9K8HJpow9Ok3fiWOWSIcIzXodvv0rQjVoOVNpWMpxf1wZNpt4y9h10odCNrqnYp1OBzRktckBe3sA==}
    hasBin: true

snapshots:

  '@oxfmt/darwin-arm64@0.24.0':
    optional: true

  '@oxfmt/darwin-x64@0.24.0':
    optional: true

  '@oxfmt/linux-arm64-gnu@0.24.0':
    optional: true

  '@oxfmt/linux-arm64-musl@0.24.0':
    optional: true

  '@oxfmt/linux-x64-gnu@0.24.0':
    optional: true

  '@oxfmt/linux-x64-musl@0.24.0':
    optional: true

  '@oxfmt/win32-arm64@0.24.0':
    optional: true

  '@oxfmt/win32-x64@0.24.0':
    optional: true

  '@oxlint-tsgolint/darwin-arm64@0.11.1':
    optional: true

  '@oxlint-tsgolint/darwin-x64@0.11.1':
    optional: true

  '@oxlint-tsgolint/linux-arm64@0.11.1':
    optional: true

  '@oxlint-tsgolint/linux-x64@0.11.1':
    optional: true

  '@oxlint-tsgolint/win32-arm64@0.11.1':
    optional: true

  '@oxlint-tsgolint/win32-x64@0.11.1':
    optional: true

  '@oxlint/darwin-arm64@1.39.0':
    optional: true

  '@oxlint/darwin-x64@1.39.0':
    optional: true

  '@oxlint/linux-arm64-gnu@1.39.0':
    optional: true

  '@oxlint/linux-arm64-musl@1.39.0':
    optional: true

  '@oxlint/linux-x64-gnu@1.39.0':
    optional: true

  '@oxlint/linux-x64-musl@1.39.0':
    optional: true

  '@oxlint/win32-arm64@1.39.0':
    optional: true

  '@oxlint/win32-x64@1.39.0':
    optional: true

  '@types/mocha@10.0.10': {}

  '@types/node@22.18.0':
    dependencies:
      undici-types: 6.21.0

  '@types/uuid@9.0.8': {}

  '@types/vscode@1.107.0': {}

  '@typescript/native-preview-darwin-arm64@7.0.0-dev.20260115.1':
    optional: true

  '@typescript/native-preview-darwin-x64@7.0.0-dev.20260115.1':
    optional: true

  '@typescript/native-preview-linux-arm64@7.0.0-dev.20260115.1':
    optional: true

  '@typescript/native-preview-linux-arm@7.0.0-dev.20260115.1':
    optional: true

  '@typescript/native-preview-linux-x64@7.0.0-dev.20260115.1':
    optional: true

  '@typescript/native-preview-win32-arm64@7.0.0-dev.20260115.1':
    optional: true

  '@typescript/native-preview-win32-x64@7.0.0-dev.20260115.1':
    optional: true

  '@typescript/native-preview@7.0.0-dev.20260115.1':
    optionalDependencies:
      '@typescript/native-preview-darwin-arm64': 7.0.0-dev.20260115.1
      '@typescript/native-preview-darwin-x64': 7.0.0-dev.20260115.1
      '@typescript/native-preview-linux-arm': 7.0.0-dev.20260115.1
      '@typescript/native-preview-linux-arm64': 7.0.0-dev.20260115.1
      '@typescript/native-preview-linux-x64': 7.0.0-dev.20260115.1
      '@typescript/native-preview-win32-arm64': 7.0.0-dev.20260115.1
      '@typescript/native-preview-win32-x64': 7.0.0-dev.20260115.1

  oxfmt@0.24.0:
    dependencies:
      tinypool: 2.0.0
    optionalDependencies:
      '@oxfmt/darwin-arm64': 0.24.0
      '@oxfmt/darwin-x64': 0.24.0
      '@oxfmt/linux-arm64-gnu': 0.24.0
      '@oxfmt/linux-arm64-musl': 0.24.0
      '@oxfmt/linux-x64-gnu': 0.24.0
      '@oxfmt/linux-x64-musl': 0.24.0
      '@oxfmt/win32-arm64': 0.24.0
      '@oxfmt/win32-x64': 0.24.0

  oxlint-tsgolint@0.11.1:
    optionalDependencies:
      '@oxlint-tsgolint/darwin-arm64': 0.11.1
      '@oxlint-tsgolint/darwin-x64': 0.11.1
      '@oxlint-tsgolint/linux-arm64': 0.11.1
      '@oxlint-tsgolint/linux-x64': 0.11.1
      '@oxlint-tsgolint/win32-arm64': 0.11.1
      '@oxlint-tsgolint/win32-x64': 0.11.1

  oxlint@1.39.0(oxlint-tsgolint@0.11.1):
    optionalDependencies:
      '@oxlint/darwin-arm64': 1.39.0
      '@oxlint/darwin-x64': 1.39.0
      '@oxlint/linux-arm64-gnu': 1.39.0
      '@oxlint/linux-arm64-musl': 1.39.0
      '@oxlint/linux-x64-gnu': 1.39.0
      '@oxlint/linux-x64-musl': 1.39.0
      '@oxlint/win32-arm64': 1.39.0
      '@oxlint/win32-x64': 1.39.0
      oxlint-tsgolint: 0.11.1

  tinypool@2.0.0: {}

  undici-types@6.21.0: {}

  uuid@9.0.1: {}
