lockfileVersion: '9.0'

settings:
  autoInstallPeers: true
  excludeLinksFromLockfile: false

catalogs:
  default:
    '@superoffice/webapi':
      specifier: 11.7.727
      version: 11.7.727
    '@types/mocha':
      specifier: 10.0.10
      version: 10.0.10
    '@types/node':
      specifier: 22.18.0
      version: 22.18.0
    '@types/vscode':
      specifier: 1.107.0
      version: 1.107.0

importers:

  .:
    devDependencies:
      '@typescript/native-preview':
        specifier: 7.0.0-dev.20260115.1
        version: 7.0.0-dev.20260115.1
      oxfmt:
        specifier: ^0.24.0
        version: 0.24.0
      oxlint:
        specifier: ^1.39.0
        version: 1.39.0(oxlint-tsgolint@0.11.1)
      oxlint-tsgolint:
        specifier: ^0.11.1
        version: 0.11.1

  packages/vscode-extension:
    devDependencies:
      '@superoffice/webapi':
        specifier: 'catalog:'
        version: 11.7.727
      '@types/mocha':
        specifier: 'catalog:'
        version: 10.0.10
      '@types/node':
        specifier: 'catalog:'
        version: 22.18.0
      '@types/uuid':
        specifier: ^9.0.5
        version: 9.0.8
      '@types/vscode':
        specifier: 'catalog:'
        version: 1.107.0
      uuid:
        specifier: ^9.0.1
        version: 9.0.1

packages:

  '@oxfmt/darwin-arm64@0.24.0':
    resolution: {integrity: sha512-aYXuGf/yq8nsyEcHindGhiz9I+GEqLkVq8CfPbd+6VE259CpPEH+CaGHEO1j6vIOmNr8KHRq+IAjeRO2uJpb8A==}
    cpu: [arm64]
    os: [darwin]

  '@oxfmt/darwin-x64@0.24.0':
    resolution: {integrity: sha512-vs3b8Bs53hbiNvcNeBilzE/+IhDTWKjSBB3v/ztr664nZk65j0xr+5IHMBNz3CFppmX7o/aBta2PxY+t+4KoPg==}
    cpu: [x64]
    os: [darwin]

  '@oxfmt/linux-arm64-gnu@0.24.0':
    resolution: {integrity: sha512-ItPDOPoQ0wLj/s8osc5ch57uUcA1Wk8r0YdO8vLRpXA3UNg7KPOm1vdbkIZRRiSUphZcuX5ioOEetEK8H7RlTw==}
    cpu: [arm64]
    os: [linux]

  '@oxfmt/linux-arm64-musl@0.24.0':
    resolution: {integrity: sha512-JkQO3WnQjQTJONx8nxdgVBfl6BBFfpp9bKhChYhWeakwJdr7QPOAWJ/v3FGZfr0TbqINwnNR74aVZayDDRyXEA==}
    cpu: [arm64]
    os: [linux]

  '@oxfmt/linux-x64-gnu@0.24.0':
    resolution: {integrity: sha512-N/SXlFO+2kak5gMt0oxApi0WXQDhwA0PShR0UbkY0PwtHjfSiDqJSOumyNqgQVoroKr1GNnoRmUqjZIz6DKIcw==}
    cpu: [x64]
    os: [linux]

  '@oxfmt/linux-x64-musl@0.24.0':
    resolution: {integrity: sha512-WM0pek5YDCQf50XQ7GLCE9sMBCMPW/NPAEPH/Hx6Qyir37lEsP4rUmSECo/QFNTU6KBc9NnsviAyJruWPpCMXw==}
    cpu: [x64]
    os: [linux]

  '@oxfmt/win32-arm64@0.24.0':
    resolution: {integrity: sha512-vFCseli1KWtwdHrVlT/jWfZ8jP8oYpnPPEjI23mPLW8K/6GEJmmvy0PZP5NpWUFNTzX0lqie58XnrATJYAe9Xw==}
    cpu: [arm64]
    os: [win32]

  '@oxfmt/win32-x64@0.24.0':
    resolution: {integrity: sha512-0tmlNzcyewAnauNeBCq0xmAkmiKzl+H09p0IdHy+QKrTQdtixtf+AOjDAADbRfihkS+heF15Pjc4IyJMdAAJjw==}
    cpu: [x64]
    os: [win32]

  '@oxlint-tsgolint/darwin-arm64@0.11.1':
    resolution: {integrity: sha512-UJIOFeJZpFTJIGS+bMdFXcvjslvnXBEouMvzynfQD7RTazcFIRLbokYgEbhrN2P6B352Ut1TUtvR0CLAp/9QfA==}
    cpu: [arm64]
    os: [darwin]

  '@oxlint-tsgolint/darwin-x64@0.11.1':
    resolution: {integrity: sha512-68O8YvexIm+ISZKl2vBFII1dMfLrteDyPcuCIecDuiBIj2tV0KYq13zpSCMz4dvJUWJW6RmOOGZKrkkvOAy6uQ==}
    cpu: [x64]
    os: [darwin]

  '@oxlint-tsgolint/linux-arm64@0.11.1':
    resolution: {integrity: sha512-hXBInrFxPNbPPbPQYozo8YpSsFFYdtHBWRUiLMxul71vTy1CdSA7H5Qq2KbrKomr/ASmhvIDVAQZxh9hIJNHMA==}
    cpu: [arm64]
    os: [linux]

  '@oxlint-tsgolint/linux-x64@0.11.1':
    resolution: {integrity: sha512-aMaGctlwrJhaIQPOdVJR+AGHZGPm4D1pJ457l0SqZt4dLXAhuUt2ene6cUUGF+864R7bDyFVGZqbZHODYpENyA==}
    cpu: [x64]
    os: [linux]

  '@oxlint-tsgolint/win32-arm64@0.11.1':
    resolution: {integrity: sha512-ipOs6kKo8fz5n5LSHvcbyZFmEpEIsh2m7+B03RW3jGjBEPMiXb4PfKNuxnusFYTtJM9WaR3bCVm5UxeJTA8r3w==}
    cpu: [arm64]
    os: [win32]

  '@oxlint-tsgolint/win32-x64@0.11.1':
    resolution: {integrity: sha512-m2apsAXg6qU3ulQG45W/qshyEpOjoL+uaQyXJG5dBoDoa66XPtCaSkBlKltD0EwGu0aoB8lM4I5I3OzQ6raNhw==}
    cpu: [x64]
    os: [win32]

  '@oxlint/darwin-arm64@1.39.0':
    resolution: {integrity: sha512-lT3hNhIa02xCujI6YGgjmYGg3Ht/X9ag5ipUVETaMpx5Rd4BbTNWUPif1WN1YZHxt3KLCIqaAe7zVhatv83HOQ==}
    cpu: [arm64]
    os: [darwin]

  '@oxlint/darwin-x64@1.39.0':
    resolution: {integrity: sha512-UT+rfTWd+Yr7iJeSLd/7nF8X4gTYssKh+n77hxl6Oilp3NnG1CKRHxZDy3o3lIBnwgzJkdyUAiYWO1bTMXQ1lA==}
    cpu: [x64]
    os: [darwin]

  '@oxlint/linux-arm64-gnu@1.39.0':
    resolution: {integrity: sha512-qocBkvS2V6rH0t9AT3DfQunMnj3xkM7srs5/Ycj2j5ZqMoaWd/FxHNVJDFP++35roKSvsRJoS0mtA8/77jqm6Q==}
    cpu: [arm64]
    os: [linux]

  '@oxlint/linux-arm64-musl@1.39.0':
    resolution: {integrity: sha512-arZzAc1PPcz9epvGBBCMHICeyQloKtHX3eoOe62B3Dskn7gf6Q14wnDHr1r9Vp4vtcBATNq6HlKV14smdlC/qA==}
    cpu: [arm64]
    os: [linux]

  '@oxlint/linux-x64-gnu@1.39.0':
    resolution: {integrity: sha512-ZVt5qsECpuNprdWxAPpDBwoixr1VTcZ4qAEQA2l/wmFyVPDYFD3oBY/SWACNnWBddMrswjTg9O8ALxYWoEpmXw==}
    cpu: [x64]
    os: [linux]

  '@oxlint/linux-x64-musl@1.39.0':
    resolution: {integrity: sha512-pB0hlGyKPbxr9NMIV783lD6cWL3MpaqnZRM9MWni4yBdHPTKyFNYdg5hGD0Bwg+UP4S2rOevq/+OO9x9Bi7E6g==}
    cpu: [x64]
    os: [linux]

  '@oxlint/win32-arm64@1.39.0':
    resolution: {integrity: sha512-Gg2SFaJohI9+tIQVKXlPw3FsPQFi/eCSWiCgwPtPn5uzQxHRTeQEZKuluz1fuzR5U70TXubb2liZi4Dgl8LJQA==}
    cpu: [arm64]
    os: [win32]

  '@oxlint/win32-x64@1.39.0':
    resolution: {integrity: sha512-sbi25lfj74hH+6qQtb7s1wEvd1j8OQbTaH8v3xTcDjrwm579Cyh0HBv1YSZ2+gsnVwfVDiCTL1D0JsNqYXszVA==}
    cpu: [x64]
    os: [win32]

  '@superoffice/webapi@11.7.727':
    resolution: {integrity: sha512-1R6dNWnGBQu/W+p1E3jGZRvOSrWqwsIiCne+doDt3cV/5wBuzaTZIzSVLv05b4TQW0XuZCYtWUGXSf7vWMcK1A==}

  '@types/mocha@10.0.10':
    resolution: {integrity: sha512-xPyYSz1cMPnJQhl0CLMH68j3gprKZaTjG3s5Vi+fDgx+uhG9NOXwbVt52eFS8ECyXhyKcjDLCBEqBExKuiZb7Q==}

  '@types/node@22.18.0':
    resolution: {integrity: sha512-m5ObIqwsUp6BZzyiy4RdZpzWGub9bqLJMvZDD0QMXhxjqMHMENlj+SqF5QxoUwaQNFe+8kz8XM8ZQhqkQPTgMQ==}

  '@types/uuid@9.0.8':
    resolution: {integrity: sha512-jg+97EGIcY9AGHJJRaaPVgetKDsrTgbRjQ5Msgjh/DQKEFl0DtyRr/VCOyD1T2R1MNeWPK/u7JoGhlDZnKBAfA==}

  '@types/vscode@1.107.0':
    resolution: {integrity: sha512-XS8YE1jlyTIowP64+HoN30OlC1H9xqSlq1eoLZUgFEC8oUTO6euYZxti1xRiLSfZocs4qytTzR6xCBYtioQTCg==}

  '@typescript/native-preview-darwin-arm64@7.0.0-dev.20260115.1':
    resolution: {integrity: sha512-ICAIUBa9ecoHrKTIG9WgHBUMOpdGxwYarRW0x4PRHs34cKWz1VYy50Y+NG2Ivai2WC/T12QSWom0UBZDL1/Zkw==}
    cpu: [arm64]
    os: [darwin]

  '@typescript/native-preview-darwin-x64@7.0.0-dev.20260115.1':
    resolution: {integrity: sha512-UtnRE4OPmlxAYE42HBtcqQH/TsDZcs/7ej6K11mCD9uzCLgxxAZveI+bW43VIyPLP9dZFmX/3Pvvv8arBBwGfw==}
    cpu: [x64]
    os: [darwin]

  '@typescript/native-preview-linux-arm64@7.0.0-dev.20260115.1':
    resolution: {integrity: sha512-sAU6b0Tlz3QahPpuNA0HOibGKruHvbFCANuuns6aR4OYd+zNi+diBBvCTyLWu0Do3ABjpCphrj4hCvs2rWfoQQ==}
    cpu: [arm64]
    os: [linux]

  '@typescript/native-preview-linux-arm@7.0.0-dev.20260115.1':
    resolution: {integrity: sha512-/divCKJhdfq1s7UG3EO2NYHHJl1EqcEIylD/pl/GbAMeKRomaKGTwwgshxv9/PoTp4AVHEKrziPDdN6sIOnFQQ==}
    cpu: [arm]
    os: [linux]

  '@typescript/native-preview-linux-x64@7.0.0-dev.20260115.1':
    resolution: {integrity: sha512-KcjKJoUtqFh0VD2zGJJZ2PM+GLlK11bZFJvvdoJj/D9nf9WSRE4jWLGE+50gyy9boeaKVlZuRnTfxP6Rt3nnrw==}
    cpu: [x64]
    os: [linux]

  '@typescript/native-preview-win32-arm64@7.0.0-dev.20260115.1':
    resolution: {integrity: sha512-0TolySdSZ8w1adKNl4eEGht4lyAMJRTwwdsntbdcZ2sjDWVc4ikyu+GlYTYtkJM2M0w1Q7+iFMpWm6+M6hPHzg==}
    cpu: [arm64]
    os: [win32]

  '@typescript/native-preview-win32-x64@7.0.0-dev.20260115.1':
    resolution: {integrity: sha512-yhntwcToKN6aL4rcuslb60toB1SLArpzCwNmK9jnnwJ4JexViOldBu1caZxFhVXL5eQrUCvxfipGEU30MQxhtw==}
    cpu: [x64]
    os: [win32]

  '@typescript/native-preview@7.0.0-dev.20260115.1':
    resolution: {integrity: sha512-wCW5A5Olb/Iyzr6azx1lrS42DEmkUvzLqrtL+0mzKDov4l3sdxKsO5q/m8Mdqcx9WBTY07e+WgHZ6IIfjSOWrQ==}
    hasBin: true

  asynckit@0.4.0:
    resolution: {integrity: sha512-Oei9OH4tRh0YqU3GxhX79dM/mwVgvbZJaSNaRk+bshkj0S5cfHcgYakreBjrHwatXKbz+IoIdYLxrKim2MjW0Q==}

  axios@1.13.5:
    resolution: {integrity: sha512-cz4ur7Vb0xS4/KUN0tPWe44eqxrIu31me+fbang3ijiNscE129POzipJJA6zniq2C/Z6sJCjMimjS8Lc/GAs8Q==}

  call-bind-apply-helpers@1.0.2:
    resolution: {integrity: sha512-Sp1ablJ0ivDkSzjcaJdxEunN5/XvksFJ2sMBFfq6x0ryhQV/2b/KwFe21cMpmHtPOSij8K99/wSfoEuTObmuMQ==}
    engines: {node: '>= 0.4'}

  combined-stream@1.0.8:
    resolution: {integrity: sha512-FQN4MRfuJeHf7cBbBMJFXhKSDq+2kAArBlmRBvcvFE5BB1HZKXtSFASDhdlz9zOYwxh8lDdnvmMOe/+5cdoEdg==}
    engines: {node: '>= 0.8'}

  dayjs@1.11.19:
    resolution: {integrity: sha512-t5EcLVS6QPBNqM2z8fakk/NKel+Xzshgt8FFKAn+qwlD1pzZWxh0nVCrvFK7ZDb6XucZeF9z8C7CBWTRIVApAw==}

  delayed-stream@1.0.0:
    resolution: {integrity: sha512-ZySD7Nf91aLB0RxL4KGrKHBXl7Eds1DAmEdcoVawXnLD7SDhpNgtuII2aAkg7a7QS41jxPSZ17p4VdGnMHk3MQ==}
    engines: {node: '>=0.4.0'}

  dunder-proto@1.0.1:
    resolution: {integrity: sha512-KIN/nDJBQRcXw0MLVhZE9iQHmG68qAVIBg9CqmUYjmQIhgij9U5MFvrqkUL5FbtyyzZuOeOt0zdeRe4UY7ct+A==}
    engines: {node: '>= 0.4'}

  es-define-property@1.0.1:
    resolution: {integrity: sha512-e3nRfgfUZ4rNGL232gUgX06QNyyez04KdjFrF+LTRoOXmrOgFKDg4BCdsjW8EnT69eqdYGmRpJwiPVYNrCaW3g==}
    engines: {node: '>= 0.4'}

  es-errors@1.3.0:
    resolution: {integrity: sha512-Zf5H2Kxt2xjTvbJvP2ZWLEICxA6j+hAmMzIlypy4xcBg1vKVnx89Wy0GbS+kf5cwCVFFzdCFh2XSCFNULS6csw==}
    engines: {node: '>= 0.4'}

  es-object-atoms@1.1.1:
    resolution: {integrity: sha512-FGgH2h8zKNim9ljj7dankFPcICIK9Cp5bm+c2gQSYePhpaG5+esrLODihIorn+Pe6FGJzWhXQotPv73jTaldXA==}
    engines: {node: '>= 0.4'}

  es-set-tostringtag@2.1.0:
    resolution: {integrity: sha512-j6vWzfrGVfyXxge+O0x5sh6cvxAog0a/4Rdd2K36zCMV5eJ+/+tOAngRO8cODMNWbVRdVlmGZQL2YS3yR8bIUA==}
    engines: {node: '>= 0.4'}

  follow-redirects@1.15.11:
    resolution: {integrity: sha512-deG2P0JfjrTxl50XGCDyfI97ZGVCxIpfKYmfyrQ54n5FO/0gfIES8C/Psl6kWVDolizcaaxZJnTS0QSMxvnsBQ==}
    engines: {node: '>=4.0'}
    peerDependencies:
      debug: '*'
    peerDependenciesMeta:
      debug:
        optional: true

  form-data@4.0.5:
    resolution: {integrity: sha512-8RipRLol37bNs2bhoV67fiTEvdTrbMUYcFTiy3+wuuOnUog2QBHCZWXDRijWQfAkhBj2Uf5UnVaiWwA5vdd82w==}
    engines: {node: '>= 6'}

  function-bind@1.1.2:
    resolution: {integrity: sha512-7XHNxH7qX9xG5mIwxkhumTox/MIRNcOgDrxWsMt2pAr23WHp6MrRlN7FBSFpCpr+oVO0F744iUgR82nJMfG2SA==}

  get-intrinsic@1.3.0:
    resolution: {integrity: sha512-9fSjSaos/fRIVIp+xSJlE6lfwhES7LNtKaCBIamHsjr2na1BiABJPo0mOjjz8GJDURarmCPGqaiVg5mfjb98CQ==}
    engines: {node: '>= 0.4'}

  get-proto@1.0.1:
    resolution: {integrity: sha512-sTSfBjoXBp89JvIKIefqw7U2CCebsc74kiY6awiGogKtoSGbgjYE/G/+l9sF3MWFPNc9IcoOC4ODfKHfxFmp0g==}
    engines: {node: '>= 0.4'}

  gopd@1.2.0:
    resolution: {integrity: sha512-ZUKRh6/kUFoAiTAtTYPZJ3hw9wNxx+BIBOijnlG9PnrJsCcSjs1wyyD6vJpaYtgnzDrKYRSqf3OO6Rfa93xsRg==}
    engines: {node: '>= 0.4'}

  has-symbols@1.1.0:
    resolution: {integrity: sha512-1cDNdwJ2Jaohmb3sg4OmKaMBwuC48sYni5HUw2DvsC8LjGTLK9h+eb1X6RyuOHe4hT0ULCW68iomhjUoKUqlPQ==}
    engines: {node: '>= 0.4'}

  has-tostringtag@1.0.2:
    resolution: {integrity: sha512-NqADB8VjPFLM2V0VvHUewwwsw0ZWBaIdgo+ieHtK3hasLz4qeCRjYcqfB6AQrBggRKppKF8L52/VqdVsO47Dlw==}
    engines: {node: '>= 0.4'}

  hasown@2.0.2:
    resolution: {integrity: sha512-0hJU9SCPvmMzIBdZFqNPXWa6dqh7WdH0cII9y+CyS8rG3nL48Bclra9HmKhVVUHyPWNH5Y7xDwAB7bfgSjkUMQ==}
    engines: {node: '>= 0.4'}

  math-intrinsics@1.1.0:
    resolution: {integrity: sha512-/IXtbwEk5HTPyEwyKX6hGkYXxM9nbj64B+ilVJnC/R6B0pH5G4V3b0pVbL7DBj4tkhBAppbQUlf6F6Xl9LHu1g==}
    engines: {node: '>= 0.4'}

  mime-db@1.52.0:
    resolution: {integrity: sha512-sPU4uV7dYlvtWJxwwxHD0PuihVNiE7TyAbQ5SWxDCB9mUYvOgroQOwYQQOKPJ8CIbE+1ETVlOoK1UC2nU3gYvg==}
    engines: {node: '>= 0.6'}

  mime-types@2.1.35:
    resolution: {integrity: sha512-ZDY+bPm5zTTF+YpCrAU9nK0UgICYPT0QtT1NZWFv4s++TNkcgVaT0g6+4R2uI4MjQjzysHB1zxuWL50hzaeXiw==}
    engines: {node: '>= 0.6'}

  oxfmt@0.24.0:
    resolution: {integrity: sha512-UjeM3Peez8Tl7IJ9s5UwAoZSiDRMww7BEc21gDYxLq3S3/KqJnM3mjNxsoSHgmBvSeX6RBhoVc2MfC/+96RdSw==}
    engines: {node: ^20.19.0 || >=22.12.0}
    hasBin: true

  oxlint-tsgolint@0.11.1:
    resolution: {integrity: sha512-WulCp+0/6RvpM4zPv+dAXybf03QvRA8ATxaBlmj4XMIQqTs5jeq3cUTk48WCt4CpLwKhyyGZPHmjLl1KHQ/cvA==}
    hasBin: true

  oxlint@1.39.0:
    resolution: {integrity: sha512-wSiLr0wjG+KTU6c1LpVoQk7JZ7l8HCKlAkVDVTJKWmCGazsNxexxnOXl7dsar92mQcRnzko5g077ggP3RINSjA==}
    engines: {node: ^20.19.0 || >=22.12.0}
    hasBin: true
    peerDependencies:
      oxlint-tsgolint: '>=0.10.0'
    peerDependenciesMeta:
      oxlint-tsgolint:
        optional: true

  proxy-from-env@1.1.0:
    resolution: {integrity: sha512-D+zkORCbA9f1tdWRK0RaCR3GPv50cMxcrz4X8k5LTSUD1Dkw47mKJEZQNunItRTkWwgtaUSo1RVFRIG9ZXiFYg==}

  tinypool@2.0.0:
    resolution: {integrity: sha512-/RX9RzeH2xU5ADE7n2Ykvmi9ED3FBGPAjw9u3zucrNNaEBIO0HPSYgL0NT7+3p147ojeSdaVu08F6hjpv31HJg==}
    engines: {node: ^20.0.0 || >=22.0.0}

  tslib@2.8.1:
    resolution: {integrity: sha512-oJFu94HQb+KVduSUQL7wnpmqnfmLsOA/nAh6b6EH0wCEoK0/mPeXU6c3wKDV83MkOuHPRHtSXKKU99IBazS/2w==}

  undici-types@6.21.0:
    resolution: {integrity: sha512-iwDZqg0QAGrg9Rav5H4n0M64c3mkR59cJ6wQp+7C4nI0gsmExaedaYLNO44eT4AtBBwjbTiGPMlt2Md0T9H9JQ==}

  uuid@9.0.1:
    resolution: {integrity: sha512-b+1eJOlsR9K8HJpow9Ok3fiWOWSIcIzXodvv0rQjVoOVNpWMpxf1wZNpt4y9h10odCNrqnYp1OBzRktckBe3sA==}
    hasBin: true

snapshots:

  '@oxfmt/darwin-arm64@0.24.0':
    optional: true

  '@oxfmt/darwin-x64@0.24.0':
    optional: true

  '@oxfmt/linux-arm64-gnu@0.24.0':
    optional: true

  '@oxfmt/linux-arm64-musl@0.24.0':
    optional: true

  '@oxfmt/linux-x64-gnu@0.24.0':
    optional: true

  '@oxfmt/linux-x64-musl@0.24.0':
    optional: true

  '@oxfmt/win32-arm64@0.24.0':
    optional: true

  '@oxfmt/win32-x64@0.24.0':
    optional: true

  '@oxlint-tsgolint/darwin-arm64@0.11.1':
    optional: true

  '@oxlint-tsgolint/darwin-x64@0.11.1':
    optional: true

  '@oxlint-tsgolint/linux-arm64@0.11.1':
    optional: true

  '@oxlint-tsgolint/linux-x64@0.11.1':
    optional: true

  '@oxlint-tsgolint/win32-arm64@0.11.1':
    optional: true

  '@oxlint-tsgolint/win32-x64@0.11.1':
    optional: true

  '@oxlint/darwin-arm64@1.39.0':
    optional: true

  '@oxlint/darwin-x64@1.39.0':
    optional: true

  '@oxlint/linux-arm64-gnu@1.39.0':
    optional: true

  '@oxlint/linux-arm64-musl@1.39.0':
    optional: true

  '@oxlint/linux-x64-gnu@1.39.0':
    optional: true

  '@oxlint/linux-x64-musl@1.39.0':
    optional: true

  '@oxlint/win32-arm64@1.39.0':
    optional: true

  '@oxlint/win32-x64@1.39.0':
    optional: true

  '@superoffice/webapi@11.7.727':
    dependencies:
      axios: 1.13.5
      dayjs: 1.11.19
      tslib: 2.8.1
    transitivePeerDependencies:
      - debug

  '@types/mocha@10.0.10': {}

  '@types/node@22.18.0':
    dependencies:
      undici-types: 6.21.0

  '@types/uuid@9.0.8': {}

  '@types/vscode@1.107.0': {}

  '@typescript/native-preview-darwin-arm64@7.0.0-dev.20260115.1':
    optional: true

  '@typescript/native-preview-darwin-x64@7.0.0-dev.20260115.1':
    optional: true

  '@typescript/native-preview-linux-arm64@7.0.0-dev.20260115.1':
    optional: true

  '@typescript/native-preview-linux-arm@7.0.0-dev.20260115.1':
    optional: true

  '@typescript/native-preview-linux-x64@7.0.0-dev.20260115.1':
    optional: true

  '@typescript/native-preview-win32-arm64@7.0.0-dev.20260115.1':
    optional: true

  '@typescript/native-preview-win32-x64@7.0.0-dev.20260115.1':
    optional: true

  '@typescript/native-preview@7.0.0-dev.20260115.1':
    optionalDependencies:
      '@typescript/native-preview-darwin-arm64': 7.0.0-dev.20260115.1
      '@typescript/native-preview-darwin-x64': 7.0.0-dev.20260115.1
      '@typescript/native-preview-linux-arm': 7.0.0-dev.20260115.1
      '@typescript/native-preview-linux-arm64': 7.0.0-dev.20260115.1
      '@typescript/native-preview-linux-x64': 7.0.0-dev.20260115.1
      '@typescript/native-preview-win32-arm64': 7.0.0-dev.20260115.1
      '@typescript/native-preview-win32-x64': 7.0.0-dev.20260115.1

  asynckit@0.4.0: {}

  axios@1.13.5:
    dependencies:
      follow-redirects: 1.15.11
      form-data: 4.0.5
      proxy-from-env: 1.1.0
    transitivePeerDependencies:
      - debug

  call-bind-apply-helpers@1.0.2:
    dependencies:
      es-errors: 1.3.0
      function-bind: 1.1.2

  combined-stream@1.0.8:
    dependencies:
      delayed-stream: 1.0.0

  dayjs@1.11.19: {}

  delayed-stream@1.0.0: {}

  dunder-proto@1.0.1:
    dependencies:
      call-bind-apply-helpers: 1.0.2
      es-errors: 1.3.0
      gopd: 1.2.0

  es-define-property@1.0.1: {}

  es-errors@1.3.0: {}

  es-object-atoms@1.1.1:
    dependencies:
      es-errors: 1.3.0

  es-set-tostringtag@2.1.0:
    dependencies:
      es-errors: 1.3.0
      get-intrinsic: 1.3.0
      has-tostringtag: 1.0.2
      hasown: 2.0.2

  follow-redirects@1.15.11: {}

  form-data@4.0.5:
    dependencies:
      asynckit: 0.4.0
      combined-stream: 1.0.8
      es-set-tostringtag: 2.1.0
      hasown: 2.0.2
      mime-types: 2.1.35

  function-bind@1.1.2: {}

  get-intrinsic@1.3.0:
    dependencies:
      call-bind-apply-helpers: 1.0.2
      es-define-property: 1.0.1
      es-errors: 1.3.0
      es-object-atoms: 1.1.1
      function-bind: 1.1.2
      get-proto: 1.0.1
      gopd: 1.2.0
      has-symbols: 1.1.0
      hasown: 2.0.2
      math-intrinsics: 1.1.0

  get-proto@1.0.1:
    dependencies:
      dunder-proto: 1.0.1
      es-object-atoms: 1.1.1

  gopd@1.2.0: {}

  has-symbols@1.1.0: {}

  has-tostringtag@1.0.2:
    dependencies:
      has-symbols: 1.1.0

  hasown@2.0.2:
    dependencies:
      function-bind: 1.1.2

  math-intrinsics@1.1.0: {}

  mime-db@1.52.0: {}

  mime-types@2.1.35:
    dependencies:
      mime-db: 1.52.0

  oxfmt@0.24.0:
    dependencies:
      tinypool: 2.0.0
    optionalDependencies:
      '@oxfmt/darwin-arm64': 0.24.0
      '@oxfmt/darwin-x64': 0.24.0
      '@oxfmt/linux-arm64-gnu': 0.24.0
      '@oxfmt/linux-arm64-musl': 0.24.0
      '@oxfmt/linux-x64-gnu': 0.24.0
      '@oxfmt/linux-x64-musl': 0.24.0
      '@oxfmt/win32-arm64': 0.24.0
      '@oxfmt/win32-x64': 0.24.0

  oxlint-tsgolint@0.11.1:
    optionalDependencies:
      '@oxlint-tsgolint/darwin-arm64': 0.11.1
      '@oxlint-tsgolint/darwin-x64': 0.11.1
      '@oxlint-tsgolint/linux-arm64': 0.11.1
      '@oxlint-tsgolint/linux-x64': 0.11.1
      '@oxlint-tsgolint/win32-arm64': 0.11.1
      '@oxlint-tsgolint/win32-x64': 0.11.1

  oxlint@1.39.0(oxlint-tsgolint@0.11.1):
    optionalDependencies:
      '@oxlint/darwin-arm64': 1.39.0
      '@oxlint/darwin-x64': 1.39.0
      '@oxlint/linux-arm64-gnu': 1.39.0
      '@oxlint/linux-arm64-musl': 1.39.0
      '@oxlint/linux-x64-gnu': 1.39.0
      '@oxlint/linux-x64-musl': 1.39.0
      '@oxlint/win32-arm64': 1.39.0
      '@oxlint/win32-x64': 1.39.0
      oxlint-tsgolint: 0.11.1

  proxy-from-env@1.1.0: {}

  tinypool@2.0.0: {}

  tslib@2.8.1: {}

  undici-types@6.21.0: {}

  uuid@9.0.1: {}
